
Microsoft Visual Studio Solution File, Format Version 12.00
# Visual Studio Version 17
VisualStudioVersion = 17.0.31903.59
MinimumVisualStudioVersion = 10.0.40219.1
Project("{FAE04EC0-301F-11D3-BF4B-00C04F79EFBC}") = "EventRsvp.Domain", "EventRsvp.Domain\EventRsvp.Domain.csproj", "{8163E416-1CF0-47C0-A811-4EC0D9B4194D}"
EndProject
Project("{FAE04EC0-301F-11D3-BF4B-00C04F79EFBC}") = "EventRsvp.Application", "EventRsvp.Application\EventRsvp.Application.csproj", "{28477148-B8FD-40AA-BF10-894F9C6847E1}"
EndProject
Project("{FAE04EC0-301F-11D3-BF4B-00C04F79EFBC}") = "EventRsvp.Infrastructure", "EventRsvp.Infrastructure\EventRsvp.Infrastructure.csproj", "{3C647C2B-BA9E-4FFD-AA0B-16A5EDD78ECC}"
EndProject
Project("{FAE04EC0-301F-11D3-BF4B-00C04F79EFBC}") = "EventRsvp.Api", "EventRsvp.Api\EventRsvp.Api.csproj", "{66C3874B-16A1-4DF8-82EC-35475E415D60}"
EndProject
Project("{2150E333-8FDC-42A3-9474-1A3956D46DE8}") = "tests", "tests", "{0AB3BF05-4346-4AA6-1389-037BE0695223}"
EndProject
Project("{FAE04EC0-301F-11D3-BF4B-00C04F79EFBC}") = "EventRsvp.Domain.Tests", "tests\EventRsvp.Domain.Tests\EventRsvp.Domain.Tests.csproj", "{B23CBD3B-9F23-4AC6-A09B-645D43773332}"
EndProject
Project("{FAE04EC0-301F-11D3-BF4B-00C04F79EFBC}") = "EventRsvp.Application.Tests", "tests\EventRsvp.Application.Tests\EventRsvp.Application.Tests.csproj", "{AA00EA39-345D-409B-96D4-D5DB6960365B}"
EndProject
Project("{FAE04EC0-301F-11D3-BF4B-00C04F79EFBC}") = "EventRsvp.Infrastructure.Tests", "tests\EventRsvp.Infrastructure.Tests\EventRsvp.Infrastructure.Tests.csproj", "{754FA7F7-9983-4620-B40D-51DF8521D386}"
EndProject
Project("{FAE04EC0-301F-11D3-BF4B-00C04F79EFBC}") = "EventRsvp.Api.Tests", "tests\EventRsvp.Api.Tests\EventRsvp.Api.Tests.csproj", "{5BDC72AB-1FE6-495D-B42B-35FCD46B9460}"
EndProject
Global
	GlobalSection(SolutionConfigurationPlatforms) = preSolution
		Debug|Any CPU = Debug|Any CPU
		Debug|x64 = Debug|x64
		Debug|x86 = Debug|x86
		Release|Any CPU = Release|Any CPU
		Release|x64 = Release|x64
		Release|x86 = Release|x86
	EndGlobalSection
	GlobalSection(ProjectConfigurationPlatforms) = postSolution
		{8163E416-1CF0-47C0-A811-4EC0D9B4194D}.Debug|Any CPU.ActiveCfg = Debug|Any CPU
		{8163E416-1CF0-47C0-A811-4EC0D9B4194D}.Debug|Any CPU.Build.0 = Debug|Any CPU
		{8163E416-1CF0-47C0-A811-4EC0D9B4194D}.Debug|x64.ActiveCfg = Debug|Any CPU
		{8163E416-1CF0-47C0-A811-4EC0D9B4194D}.Debug|x64.Build.0 = Debug|Any CPU
		{8163E416-1CF0-47C0-A811-4EC0D9B4194D}.Debug|x86.ActiveCfg = Debug|Any CPU
		{8163E416-1CF0-47C0-A811-4EC0D9B4194D}.Debug|x86.Build.0 = Debug|Any CPU
		{8163E416-1CF0-47C0-A811-4EC0D9B4194D}.Release|Any CPU.ActiveCfg = Release|Any CPU
		{8163E416-1CF0-47C0-A811-4EC0D9B4194D}.Release|Any CPU.Build.0 = Release|Any CPU
		{8163E416-1CF0-47C0-A811-4EC0D9B4194D}.Release|x64.ActiveCfg = Release|Any CPU
		{8163E416-1CF0-47C0-A811-4EC0D9B4194D}.Release|x64.Build.0 = Release|Any CPU
		{8163E416-1CF0-47C0-A811-4EC0D9B4194D}.Release|x86.ActiveCfg = Release|Any CPU
		{8163E416-1CF0-47C0-A811-4EC0D9B4194D}.Release|x86.Build.0 = Release|Any CPU
		{28477148-B8FD-40AA-BF10-894F9C6847E1}.Debug|Any CPU.ActiveCfg = Debug|Any CPU
		{28477148-B8FD-40AA-BF10-894F9C6847E1}.Debug|Any CPU.Build.0 = Debug|Any CPU
		{28477148-B8FD-40AA-BF10-894F9C6847E1}.Debug|x64.ActiveCfg = Debug|Any CPU
		{28477148-B8FD-40AA-BF10-894F9C6847E1}.Debug|x64.Build.0 = Debug|Any CPU
		{28477148-B8FD-40AA-BF10-894F9C6847E1}.Debug|x86.ActiveCfg = Debug|Any CPU
		{28477148-B8FD-40AA-BF10-894F9C6847E1}.Debug|x86.Build.0 = Debug|Any CPU
		{28477148-B8FD-40AA-BF10-894F9C6847E1}.Release|Any CPU.ActiveCfg = Release|Any CPU
		{28477148-B8FD-40AA-BF10-894F9C6847E1}.Release|Any CPU.Build.0 = Release|Any CPU
		{28477148-B8FD-40AA-BF10-894F9C6847E1}.Release|x64.ActiveCfg = Release|Any CPU
		{28477148-B8FD-40AA-BF10-894F9C6847E1}.Release|x64.Build.0 = Release|Any CPU
		{28477148-B8FD-40AA-BF10-894F9C6847E1}.Release|x86.ActiveCfg = Release|Any CPU
		{28477148-B8FD-40AA-BF10-894F9C6847E1}.Release|x86.Build.0 = Release|Any CPU
		{3C647C2B-BA9E-4FFD-AA0B-16A5EDD78ECC}.Debug|Any CPU.ActiveCfg = Debug|Any CPU
		{3C647C2B-BA9E-4FFD-AA0B-16A5EDD78ECC}.Debug|Any CPU.Build.0 = Debug|Any CPU
		{3C647C2B-BA9E-4FFD-AA0B-16A5EDD78ECC}.Debug|x64.ActiveCfg = Debug|Any CPU
		{3C647C2B-BA9E-4FFD-AA0B-16A5EDD78ECC}.Debug|x64.Build.0 = Debug|Any CPU
		{3C647C2B-BA9E-4FFD-AA0B-16A5EDD78ECC}.Debug|x86.ActiveCfg = Debug|Any CPU
		{3C647C2B-BA9E-4FFD-AA0B-16A5EDD78ECC}.Debug|x86.Build.0 = Debug|Any CPU
		{3C647C2B-BA9E-4FFD-AA0B-16A5EDD78ECC}.Release|Any CPU.ActiveCfg = Release|Any CPU
		{3C647C2B-BA9E-4FFD-AA0B-16A5EDD78ECC}.Release|Any CPU.Build.0 = Release|Any CPU
		{3C647C2B-BA9E-4FFD-AA0B-16A5EDD78ECC}.Release|x64.ActiveCfg = Release|Any CPU
		{3C647C2B-BA9E-4FFD-AA0B-16A5EDD78ECC}.Release|x64.Build.0 = Release|Any CPU
		{3C647C2B-BA9E-4FFD-AA0B-16A5EDD78ECC}.Release|x86.ActiveCfg = Release|Any CPU
		{3C647C2B-BA9E-4FFD-AA0B-16A5EDD78ECC}.Release|x86.Build.0 = Release|Any CPU
		{66C3874B-16A1-4DF8-82EC-35475E415D60}.Debug|Any CPU.ActiveCfg = Debug|Any CPU
		{66C3874B-16A1-4DF8-82EC-35475E415D60}.Debug|Any CPU.Build.0 = Debug|Any CPU
		{66C3874B-16A1-4DF8-82EC-35475E415D60}.Debug|x64.ActiveCfg = Debug|Any CPU
		{66C3874B-16A1-4DF8-82EC-35475E415D60}.Debug|x64.Build.0 = Debug|Any CPU
		{66C3874B-16A1-4DF8-82EC-35475E415D60}.Debug|x86.ActiveCfg = Debug|Any CPU
		{66C3874B-16A1-4DF8-82EC-35475E415D60}.Debug|x86.Build.0 = Debug|Any CPU
		{66C3874B-16A1-4DF8-82EC-35475E415D60}.Release|Any CPU.ActiveCfg = Release|Any CPU
		{66C3874B-16A1-4DF8-82EC-35475E415D60}.Release|Any CPU.Build.0 = Release|Any CPU
		{66C3874B-16A1-4DF8-82EC-35475E415D60}.Release|x64.ActiveCfg = Release|Any CPU
		{66C3874B-16A1-4DF8-82EC-35475E415D60}.Release|x64.Build.0 = Release|Any CPU
		{66C3874B-16A1-4DF8-82EC-35475E415D60}.Release|x86.ActiveCfg = Release|Any CPU
		{66C3874B-16A1-4DF8-82EC-35475E415D60}.Release|x86.Build.0 = Release|Any CPU
		{B23CBD3B-9F23-4AC6-A09B-645D43773332}.Debug|Any CPU.ActiveCfg = Debug|Any CPU
		{B23CBD3B-9F23-4AC6-A09B-645D43773332}.Debug|Any CPU.Build.0 = Debug|Any CPU
		{B23CBD3B-9F23-4AC6-A09B-645D43773332}.Debug|x64.ActiveCfg = Debug|Any CPU
		{B23CBD3B-9F23-4AC6-A09B-645D43773332}.Debug|x64.Build.0 = Debug|Any CPU
		{B23CBD3B-9F23-4AC6-A09B-645D43773332}.Debug|x86.ActiveCfg = Debug|Any CPU
		{B23CBD3B-9F23-4AC6-A09B-645D43773332}.Debug|x86.Build.0 = Debug|Any CPU
		{B23CBD3B-9F23-4AC6-A09B-645D43773332}.Release|Any CPU.ActiveCfg = Release|Any CPU
		{B23CBD3B-9F23-4AC6-A09B-645D43773332}.Release|Any CPU.Build.0 = Release|Any CPU
		{B23CBD3B-9F23-4AC6-A09B-645D43773332}.Release|x64.ActiveCfg = Release|Any CPU
		{B23CBD3B-9F23-4AC6-A09B-645D43773332}.Release|x64.Build.0 = Release|Any CPU
		{B23CBD3B-9F23-4AC6-A09B-645D43773332}.Release|x86.ActiveCfg = Release|Any CPU
		{B23CBD3B-9F23-4AC6-A09B-645D43773332}.Release|x86.Build.0 = Release|Any CPU
		{AA00EA39-345D-409B-96D4-D5DB6960365B}.Debug|Any CPU.ActiveCfg = Debug|Any CPU
		{AA00EA39-345D-409B-96D4-D5DB6960365B}.Debug|Any CPU.Build.0 = Debug|Any CPU
		{AA00EA39-345D-409B-96D4-D5DB6960365B}.Debug|x64.ActiveCfg = Debug|Any CPU
		{AA00EA39-345D-409B-96D4-D5DB6960365B}.Debug|x64.Build.0 = Debug|Any CPU
		{AA00EA39-345D-409B-96D4-D5DB6960365B}.Debug|x86.ActiveCfg = Debug|Any CPU
		{AA00EA39-345D-409B-96D4-D5DB6960365B}.Debug|x86.Build.0 = Debug|Any CPU
		{AA00EA39-345D-409B-96D4-D5DB6960365B}.Release|Any CPU.ActiveCfg = Release|Any CPU
		{AA00EA39-345D-409B-96D4-D5DB6960365B}.Release|Any CPU.Build.0 = Release|Any CPU
		{AA00EA39-345D-409B-96D4-D5DB6960365B}.Release|x64.ActiveCfg = Release|Any CPU
		{AA00EA39-345D-409B-96D4-D5DB6960365B}.Release|x64.Build.0 = Release|Any CPU
		{AA00EA39-345D-409B-96D4-D5DB6960365B}.Release|x86.ActiveCfg = Release|Any CPU
		{AA00EA39-345D-409B-96D4-D5DB6960365B}.Release|x86.Build.0 = Release|Any CPU
		{754FA7F7-9983-4620-B40D-51DF8521D386}.Debug|Any CPU.ActiveCfg = Debug|Any CPU
		{754FA7F7-9983-4620-B40D-51DF8521D386}.Debug|Any CPU.Build.0 = Debug|Any CPU
		{754FA7F7-9983-4620-B40D-51DF8521D386}.Debug|x64.ActiveCfg = Debug|Any CPU
		{754FA7F7-9983-4620-B40D-51DF8521D386}.Debug|x64.Build.0 = Debug|Any CPU
		{754FA7F7-9983-4620-B40D-51DF8521D386}.Debug|x86.ActiveCfg = Debug|Any CPU
		{754FA7F7-9983-4620-B40D-51DF8521D386}.Debug|x86.Build.0 = Debug|Any CPU
		{754FA7F7-9983-4620-B40D-51DF8521D386}.Release|Any CPU.ActiveCfg = Release|Any CPU
		{754FA7F7-9983-4620-B40D-51DF8521D386}.Release|Any CPU.Build.0 = Release|Any CPU
		{754FA7F7-9983-4620-B40D-51DF8521D386}.Release|x64.ActiveCfg = Release|Any CPU
		{754FA7F7-9983-4620-B40D-51DF8521D386}.Release|x64.Build.0 = Release|Any CPU
		{754FA7F7-9983-4620-B40D-51DF8521D386}.Release|x86.ActiveCfg = Release|Any CPU
		{754FA7F7-9983-4620-B40D-51DF8521D386}.Release|x86.Build.0 = Release|Any CPU
		{5BDC72AB-1FE6-495D-B42B-35FCD46B9460}.Debug|Any CPU.ActiveCfg = Debug|Any CPU
		{5BDC72AB-1FE6-495D-B42B-35FCD46B9460}.Debug|Any CPU.Build.0 = Debug|Any CPU
		{5BDC72AB-1FE6-495D-B42B-35FCD46B9460}.Debug|x64.ActiveCfg = Debug|Any CPU
		{5BDC72AB-1FE6-495D-B42B-35FCD46B9460}.Debug|x64.Build.0 = Debug|Any CPU
		{5BDC72AB-1FE6-495D-B42B-35FCD46B9460}.Debug|x86.ActiveCfg = Debug|Any CPU
		{5BDC72AB-1FE6-495D-B42B-35FCD46B9460}.Debug|x86.Build.0 = Debug|Any CPU
		{5BDC72AB-1FE6-495D-B42B-35FCD46B9460}.Release|Any CPU.ActiveCfg = Release|Any CPU
		{5BDC72AB-1FE6-495D-B42B-35FCD46B9460}.Release|Any CPU.Build.0 = Release|Any CPU
		{5BDC72AB-1FE6-495D-B42B-35FCD46B9460}.Release|x64.ActiveCfg = Release|Any CPU
		{5BDC72AB-1FE6-495D-B42B-35FCD46B9460}.Release|x64.Build.0 = Release|Any CPU
		{5BDC72AB-1FE6-495D-B42B-35FCD46B9460}.Release|x86.ActiveCfg = Release|Any CPU
		{5BDC72AB-1FE6-495D-B42B-35FCD46B9460}.Release|x86.Build.0 = Release|Any CPU
	EndGlobalSection
	GlobalSection(SolutionProperties) = preSolution
		HideSolutionNode = FALSE
	EndGlobalSection
	GlobalSection(NestedProjects) = preSolution
		{B23CBD3B-9F23-4AC6-A09B-645D43773332} = {0AB3BF05-4346-4AA6-1389-037BE0695223}
		{AA00EA39-345D-409B-96D4-D5DB6960365B} = {0AB3BF05-4346-4AA6-1389-037BE0695223}
		{754FA7F7-9983-4620-B40D-51DF8521D386} = {0AB3BF05-4346-4AA6-1389-037BE0695223}
		{5BDC72AB-1FE6-495D-B42B-35FCD46B9460} = {0AB3BF05-4346-4AA6-1389-037BE0695223}
	EndGlobalSection
EndGlobal
